
Microsoft Visual Studio Solution File, Format Version 12.00
# Visual Studio 14
VisualStudioVersion = 14.0.24720.0
MinimumVisualStudioVersion = 10.0.40219.1
Project("{FAE04EC0-301F-11D3-BF4B-00C04F79EFBC}") = "HelloAndPowerOfNumbers", "CSharp\HelloAndPowerOfNumbers.csproj", "{E8E1DE51-3B72-43DA-B3D5-72EB355885EC}"
EndProject
Project("{FAE04EC0-301F-11D3-BF4B-00C04F79EFBC}") = "Homework-lection1", "CSharp\Homework-lection1\Homework-lection1.csproj", "{0B3F85F3-3992-4ABD-9E41-8C3E974DEB04}"
EndProject
Project("{FAE04EC0-301F-11D3-BF4B-00C04F79EFBC}") = "PrimitiveDataTypes", "ConsoleApplication1\PrimitiveDataTypes.csproj", "{8FECA5A1-AF46-4EAA-86A3-418F13BB62EB}"
EndProject
Project("{FAE04EC0-301F-11D3-BF4B-00C04F79EFBC}") = "OperatorsAndExpressions", "OperatorsAndExpressions\OperatorsAndExpressions.csproj", "{7200C856-ED26-46D9-87C8-BB0A35ED2D94}"
EndProject
Global
	GlobalSection(SolutionConfigurationPlatforms) = preSolution
		Debug|Any CPU = Debug|Any CPU
		Release|Any CPU = Release|Any CPU
	EndGlobalSection
	GlobalSection(ProjectConfigurationPlatforms) = postSolution
		{E8E1DE51-3B72-43DA-B3D5-72EB355885EC}.Debug|Any CPU.ActiveCfg = Debug|Any CPU
		{E8E1DE51-3B72-43DA-B3D5-72EB355885EC}.Debug|Any CPU.Build.0 = Debug|Any CPU
		{E8E1DE51-3B72-43DA-B3D5-72EB355885EC}.Release|Any CPU.ActiveCfg = Release|Any CPU
		{E8E1DE51-3B72-43DA-B3D5-72EB355885EC}.Release|Any CPU.Build.0 = Release|Any CPU
		{0B3F85F3-3992-4ABD-9E41-8C3E974DEB04}.Debug|Any CPU.ActiveCfg = Debug|Any CPU
		{0B3F85F3-3992-4ABD-9E41-8C3E974DEB04}.Debug|Any CPU.Build.0 = Debug|Any CPU
		{0B3F85F3-3992-4ABD-9E41-8C3E974DEB04}.Release|Any CPU.ActiveCfg = Release|Any CPU
		{0B3F85F3-3992-4ABD-9E41-8C3E974DEB04}.Release|Any CPU.Build.0 = Release|Any CPU
		{8FECA5A1-AF46-4EAA-86A3-418F13BB62EB}.Debug|Any CPU.ActiveCfg = Debug|Any CPU
		{8FECA5A1-AF46-4EAA-86A3-418F13BB62EB}.Debug|Any CPU.Build.0 = Debug|Any CPU
		{8FECA5A1-AF46-4EAA-86A3-418F13BB62EB}.Release|Any CPU.ActiveCfg = Release|Any CPU
		{8FECA5A1-AF46-4EAA-86A3-418F13BB62EB}.Release|Any CPU.Build.0 = Release|Any CPU
		{7200C856-ED26-46D9-87C8-BB0A35ED2D94}.Debug|Any CPU.ActiveCfg = Debug|Any CPU
		{7200C856-ED26-46D9-87C8-BB0A35ED2D94}.Debug|Any CPU.Build.0 = Debug|Any CPU
		{7200C856-ED26-46D9-87C8-BB0A35ED2D94}.Release|Any CPU.ActiveCfg = Release|Any CPU
		{7200C856-ED26-46D9-87C8-BB0A35ED2D94}.Release|Any CPU.Build.0 = Release|Any CPU
	EndGlobalSection
	GlobalSection(SolutionProperties) = preSolution
		HideSolutionNode = FALSE
	EndGlobalSection
EndGlobal
